
Microsoft Visual Studio Solution File, Format Version 12.00
# Visual Studio 15
VisualStudioVersion = 15.0.27703.2047
MinimumVisualStudioVersion = 10.0.40219.1
Project("{FAE04EC0-301F-11D3-BF4B-00C04F79EFBC}") = "ind(1) var 2", "vasr2\ind(1) var 2.csproj", "{B82B9D1C-DA8D-4F67-869E-FF76C5DC690D}"
EndProject
Project("{FAE04EC0-301F-11D3-BF4B-00C04F79EFBC}") = "1", "1\1.csproj", "{B6D16255-5AF2-40EA-91B4-E2E5C96631D8}"
EndProject
Project("{FAE04EC0-301F-11D3-BF4B-00C04F79EFBC}") = "2", "2\2.csproj", "{37FC7AC2-FC1F-45F7-8CA3-80DA5E2DDDF3}"
EndProject
Project("{FAE04EC0-301F-11D3-BF4B-00C04F79EFBC}") = "3", "3\3.csproj", "{F21726EE-7DCC-45E0-B3F2-2E50314A27E4}"
EndProject
Project("{FAE04EC0-301F-11D3-BF4B-00C04F79EFBC}") = "ind(2)", "ind(2)\ind(2).csproj", "{E9A6D35A-66B3-476C-9288-BE4EE8155635}"
EndProject
Global
	GlobalSection(SolutionConfigurationPlatforms) = preSolution
		Debug|Any CPU = Debug|Any CPU
		Release|Any CPU = Release|Any CPU
	EndGlobalSection
	GlobalSection(ProjectConfigurationPlatforms) = postSolution
		{B82B9D1C-DA8D-4F67-869E-FF76C5DC690D}.Debug|Any CPU.ActiveCfg = Debug|Any CPU
		{B82B9D1C-DA8D-4F67-869E-FF76C5DC690D}.Debug|Any CPU.Build.0 = Debug|Any CPU
		{B82B9D1C-DA8D-4F67-869E-FF76C5DC690D}.Release|Any CPU.ActiveCfg = Release|Any CPU
		{B82B9D1C-DA8D-4F67-869E-FF76C5DC690D}.Release|Any CPU.Build.0 = Release|Any CPU
		{B6D16255-5AF2-40EA-91B4-E2E5C96631D8}.Debug|Any CPU.ActiveCfg = Debug|Any CPU
		{B6D16255-5AF2-40EA-91B4-E2E5C96631D8}.Debug|Any CPU.Build.0 = Debug|Any CPU
		{B6D16255-5AF2-40EA-91B4-E2E5C96631D8}.Release|Any CPU.ActiveCfg = Release|Any CPU
		{B6D16255-5AF2-40EA-91B4-E2E5C96631D8}.Release|Any CPU.Build.0 = Release|Any CPU
		{37FC7AC2-FC1F-45F7-8CA3-80DA5E2DDDF3}.Debug|Any CPU.ActiveCfg = Debug|Any CPU
		{37FC7AC2-FC1F-45F7-8CA3-80DA5E2DDDF3}.Debug|Any CPU.Build.0 = Debug|Any CPU
		{37FC7AC2-FC1F-45F7-8CA3-80DA5E2DDDF3}.Release|Any CPU.ActiveCfg = Release|Any CPU
		{37FC7AC2-FC1F-45F7-8CA3-80DA5E2DDDF3}.Release|Any CPU.Build.0 = Release|Any CPU
		{F21726EE-7DCC-45E0-B3F2-2E50314A27E4}.Debug|Any CPU.ActiveCfg = Debug|Any CPU
		{F21726EE-7DCC-45E0-B3F2-2E50314A27E4}.Debug|Any CPU.Build.0 = Debug|Any CPU
		{F21726EE-7DCC-45E0-B3F2-2E50314A27E4}.Release|Any CPU.ActiveCfg = Release|Any CPU
		{F21726EE-7DCC-45E0-B3F2-2E50314A27E4}.Release|Any CPU.Build.0 = Release|Any CPU
		{E9A6D35A-66B3-476C-9288-BE4EE8155635}.Debug|Any CPU.ActiveCfg = Debug|Any CPU
		{E9A6D35A-66B3-476C-9288-BE4EE8155635}.Debug|Any CPU.Build.0 = Debug|Any CPU
		{E9A6D35A-66B3-476C-9288-BE4EE8155635}.Release|Any CPU.ActiveCfg = Release|Any CPU
		{E9A6D35A-66B3-476C-9288-BE4EE8155635}.Release|Any CPU.Build.0 = Release|Any CPU
	EndGlobalSection
	GlobalSection(SolutionProperties) = preSolution
		HideSolutionNode = FALSE
	EndGlobalSection
	GlobalSection(ExtensibilityGlobals) = postSolution
		SolutionGuid = {2594E46F-BEF7-4C3C-8698-522CCB55842D}
	EndGlobalSection
EndGlobal
