
Microsoft Visual Studio Solution File, Format Version 12.00
# Visual Studio 15
VisualStudioVersion = 15.0.28307.421
MinimumVisualStudioVersion = 10.0.40219.1
Project("{FAE04EC0-301F-11D3-BF4B-00C04F79EFBC}") = "WFlab1", "WFlab1\WFlab1.csproj", "{20639DDC-EBE5-46D0-9E5E-F4420F32A0A8}"
EndProject
Global
	GlobalSection(SolutionConfigurationPlatforms) = preSolution
		Debug|Any CPU = Debug|Any CPU
		Release|Any CPU = Release|Any CPU
	EndGlobalSection
	GlobalSection(ProjectConfigurationPlatforms) = postSolution
		{20639DDC-EBE5-46D0-9E5E-F4420F32A0A8}.Debug|Any CPU.ActiveCfg = Debug|Any CPU
		{20639DDC-EBE5-46D0-9E5E-F4420F32A0A8}.Debug|Any CPU.Build.0 = Debug|Any CPU
		{20639DDC-EBE5-46D0-9E5E-F4420F32A0A8}.Release|Any CPU.ActiveCfg = Release|Any CPU
		{20639DDC-EBE5-46D0-9E5E-F4420F32A0A8}.Release|Any CPU.Build.0 = Release|Any CPU
	EndGlobalSection
	GlobalSection(SolutionProperties) = preSolution
		HideSolutionNode = FALSE
	EndGlobalSection
	GlobalSection(ExtensibilityGlobals) = postSolution
		SolutionGuid = {B668766E-3FF6-4B99-9788-1AED12E1DD15}
	EndGlobalSection
EndGlobal
