
Microsoft Visual Studio Solution File, Format Version 12.00
# Visual Studio 15
VisualStudioVersion = 15.0.28307.421
MinimumVisualStudioVersion = 10.0.40219.1
Project("{FAE04EC0-301F-11D3-BF4B-00C04F79EFBC}") = "lab 3", "lab 3\lab 3.csproj", "{42B82118-F3FA-42CA-B42C-4221F906E07E}"
EndProject
Global
	GlobalSection(SolutionConfigurationPlatforms) = preSolution
		Debug|Any CPU = Debug|Any CPU
		Release|Any CPU = Release|Any CPU
	EndGlobalSection
	GlobalSection(ProjectConfigurationPlatforms) = postSolution
		{42B82118-F3FA-42CA-B42C-4221F906E07E}.Debug|Any CPU.ActiveCfg = Debug|Any CPU
		{42B82118-F3FA-42CA-B42C-4221F906E07E}.Debug|Any CPU.Build.0 = Debug|Any CPU
		{42B82118-F3FA-42CA-B42C-4221F906E07E}.Release|Any CPU.ActiveCfg = Release|Any CPU
		{42B82118-F3FA-42CA-B42C-4221F906E07E}.Release|Any CPU.Build.0 = Release|Any CPU
	EndGlobalSection
	GlobalSection(SolutionProperties) = preSolution
		HideSolutionNode = FALSE
	EndGlobalSection
	GlobalSection(ExtensibilityGlobals) = postSolution
		SolutionGuid = {F90540C8-07A6-46F1-AF34-4CA965ED5D9D}
	EndGlobalSection
EndGlobal
